
Microsoft Visual Studio Solution File, Format Version 12.00
# Visual Studio Version 17
VisualStudioVersion = 17.7.34202.233
MinimumVisualStudioVersion = 10.0.40219.1
Project("{FAE04EC0-301F-11D3-BF4B-00C04F79EFBC}") = "Access-Modifiers-Part2-Dll-Namespace-Solution-2", "Access-Modifiers-Part2-Dll-Namespace-Solution-2.csproj", "{BCB57579-8588-4038-9A07-DC160B6E2DDE}"
EndProject
Global
	GlobalSection(SolutionConfigurationPlatforms) = preSolution
		Debug|Any CPU = Debug|Any CPU
		Release|Any CPU = Release|Any CPU
	EndGlobalSection
	GlobalSection(ProjectConfigurationPlatforms) = postSolution
		{BCB57579-8588-4038-9A07-DC160B6E2DDE}.Debug|Any CPU.ActiveCfg = Debug|Any CPU
		{BCB57579-8588-4038-9A07-DC160B6E2DDE}.Debug|Any CPU.Build.0 = Debug|Any CPU
		{BCB57579-8588-4038-9A07-DC160B6E2DDE}.Release|Any CPU.ActiveCfg = Release|Any CPU
		{BCB57579-8588-4038-9A07-DC160B6E2DDE}.Release|Any CPU.Build.0 = Release|Any CPU
	EndGlobalSection
	GlobalSection(SolutionProperties) = preSolution
		HideSolutionNode = FALSE
	EndGlobalSection
	GlobalSection(ExtensibilityGlobals) = postSolution
		SolutionGuid = {51F986CD-A57C-493C-8C3A-D604A9DB0723}
	EndGlobalSection
EndGlobal
